
Microsoft Visual Studio Solution File, Format Version 12.00
# Visual Studio Version 16
VisualStudioVersion = 16.0.30804.86
MinimumVisualStudioVersion = 10.0.40219.1
Project("{888888A0-9F3D-457C-B088-3A5042F75D52}") = "Spanish Revision Project", "Spanish Revision Project.pyproj", "{C8E3A566-9B39-43B1-A4DF-61CD1C1B7EE3}"
EndProject
Global
	GlobalSection(SolutionConfigurationPlatforms) = preSolution
		Debug|Any CPU = Debug|Any CPU
		Release|Any CPU = Release|Any CPU
	EndGlobalSection
	GlobalSection(ProjectConfigurationPlatforms) = postSolution
		{C8E3A566-9B39-43B1-A4DF-61CD1C1B7EE3}.Debug|Any CPU.ActiveCfg = Debug|Any CPU
		{C8E3A566-9B39-43B1-A4DF-61CD1C1B7EE3}.Release|Any CPU.ActiveCfg = Release|Any CPU
	EndGlobalSection
	GlobalSection(SolutionProperties) = preSolution
		HideSolutionNode = FALSE
	EndGlobalSection
	GlobalSection(ExtensibilityGlobals) = postSolution
		SolutionGuid = {13E2417A-80A1-4E72-8A6A-E74ED20924C3}
	EndGlobalSection
EndGlobal
